
Microsoft Visual Studio Solution File, Format Version 12.00
# Visual Studio Version 16
VisualStudioVersion = 16.0.30611.23
MinimumVisualStudioVersion = 10.0.40219.1
Project("{FAE04EC0-301F-11D3-BF4B-00C04F79EFBC}") = "EasySmsGr", "EasySmsGr\EasySmsGr.csproj", "{28F37FC3-DB70-43FD-AAAA-A36DD63F494E}"
EndProject
Global
	GlobalSection(SolutionConfigurationPlatforms) = preSolution
		Debug|Any CPU = Debug|Any CPU
		Release|Any CPU = Release|Any CPU
	EndGlobalSection
	GlobalSection(ProjectConfigurationPlatforms) = postSolution
		{28F37FC3-DB70-43FD-AAAA-A36DD63F494E}.Debug|Any CPU.ActiveCfg = Debug|Any CPU
		{28F37FC3-DB70-43FD-AAAA-A36DD63F494E}.Debug|Any CPU.Build.0 = Debug|Any CPU
		{28F37FC3-DB70-43FD-AAAA-A36DD63F494E}.Release|Any CPU.ActiveCfg = Release|Any CPU
		{28F37FC3-DB70-43FD-AAAA-A36DD63F494E}.Release|Any CPU.Build.0 = Release|Any CPU
	EndGlobalSection
	GlobalSection(SolutionProperties) = preSolution
		HideSolutionNode = FALSE
	EndGlobalSection
	GlobalSection(ExtensibilityGlobals) = postSolution
		SolutionGuid = {1E3FD01C-2D80-4C3F-A36E-76905398341D}
	EndGlobalSection
EndGlobal
